
Microsoft Visual Studio Solution File, Format Version 12.00
# Visual Studio Version 17
VisualStudioVersion = 17.13.35919.96 d17.13
MinimumVisualStudioVersion = 10.0.40219.1
Project("{FAE04EC0-301F-11D3-BF4B-00C04F79EFBC}") = "WinFormsApp3", "WinFormsApp3\WinFormsApp3.csproj", "{213CCD2A-66BC-4056-919D-FB0AB15B9351}"
EndProject
Global
	GlobalSection(SolutionConfigurationPlatforms) = preSolution
		Debug|Any CPU = Debug|Any CPU
		Release|Any CPU = Release|Any CPU
	EndGlobalSection
	GlobalSection(ProjectConfigurationPlatforms) = postSolution
		{213CCD2A-66BC-4056-919D-FB0AB15B9351}.Debug|Any CPU.ActiveCfg = Debug|Any CPU
		{213CCD2A-66BC-4056-919D-FB0AB15B9351}.Debug|Any CPU.Build.0 = Debug|Any CPU
		{213CCD2A-66BC-4056-919D-FB0AB15B9351}.Release|Any CPU.ActiveCfg = Release|Any CPU
		{213CCD2A-66BC-4056-919D-FB0AB15B9351}.Release|Any CPU.Build.0 = Release|Any CPU
	EndGlobalSection
	GlobalSection(SolutionProperties) = preSolution
		HideSolutionNode = FALSE
	EndGlobalSection
	GlobalSection(ExtensibilityGlobals) = postSolution
		SolutionGuid = {BF542329-36E3-4410-9D91-268B0439EDBF}
	EndGlobalSection
EndGlobal
